{
  "name": "publisher",
  "lockfileVersion": 2,
  "requires": true,
  "packages": {
    "": {
      "dependencies": {
        "async-lock": "^1.2.4"
      }
    },
    "node_modules/async-lock": {
      "version": "1.2.4",
      "resolved": "https://registry.npmjs.org/async-lock/-/async-lock-1.2.4.tgz",
      "integrity": "sha512-UBQJC2pbeyGutIfYmErGc9RaJYnpZ1FHaxuKwb0ahvGiiCkPUf3p67Io+YLPmmv3RHY+mF6JEtNW8FlHsraAaA=="
    }
  },
  "dependencies": {
    "async-lock": {
      "version": "1.2.4",
      "resolved": "https://registry.npmjs.org/async-lock/-/async-lock-1.2.4.tgz",
      "integrity": "sha512-UBQJC2pbeyGutIfYmErGc9RaJYnpZ1FHaxuKwb0ahvGiiCkPUf3p67Io+YLPmmv3RHY+mF6JEtNW8FlHsraAaA=="
    }
  }
}
